
Microsoft Visual Studio Solution File, Format Version 12.00
# Visual Studio Version 16
VisualStudioVersion = 16.0.30225.117
MinimumVisualStudioVersion = 10.0.40219.1
Project("{9A19103F-16F7-4668-BE54-9A1E7A4F7556}") = "Books", "Books\Books.csproj", "{A49E8004-4090-4420-97CD-EA64E851AF3E}"
EndProject
Project("{9A19103F-16F7-4668-BE54-9A1E7A4F7556}") = "Books.Import", "Books.Import\Books.Import.csproj", "{85953A14-01F2-4387-8A80-30FA142CE4E7}"
EndProject
Project("{9A19103F-16F7-4668-BE54-9A1E7A4F7556}") = "Books.Import.Sqlite", "Books.Import.Sqlite\Books.Import.Sqlite.csproj", "{2A19365D-0A5B-4483-935C-DAF9FA4EEFA7}"
EndProject
Global
	GlobalSection(SolutionConfigurationPlatforms) = preSolution
		Debug|Any CPU = Debug|Any CPU
		Release|Any CPU = Release|Any CPU
	EndGlobalSection
	GlobalSection(ProjectConfigurationPlatforms) = postSolution
		{A49E8004-4090-4420-97CD-EA64E851AF3E}.Debug|Any CPU.ActiveCfg = Debug|Any CPU
		{A49E8004-4090-4420-97CD-EA64E851AF3E}.Debug|Any CPU.Build.0 = Debug|Any CPU
		{A49E8004-4090-4420-97CD-EA64E851AF3E}.Release|Any CPU.ActiveCfg = Release|Any CPU
		{A49E8004-4090-4420-97CD-EA64E851AF3E}.Release|Any CPU.Build.0 = Release|Any CPU
		{85953A14-01F2-4387-8A80-30FA142CE4E7}.Debug|Any CPU.ActiveCfg = Debug|Any CPU
		{85953A14-01F2-4387-8A80-30FA142CE4E7}.Debug|Any CPU.Build.0 = Debug|Any CPU
		{85953A14-01F2-4387-8A80-30FA142CE4E7}.Release|Any CPU.ActiveCfg = Release|Any CPU
		{85953A14-01F2-4387-8A80-30FA142CE4E7}.Release|Any CPU.Build.0 = Release|Any CPU
		{2A19365D-0A5B-4483-935C-DAF9FA4EEFA7}.Debug|Any CPU.ActiveCfg = Debug|Any CPU
		{2A19365D-0A5B-4483-935C-DAF9FA4EEFA7}.Debug|Any CPU.Build.0 = Debug|Any CPU
		{2A19365D-0A5B-4483-935C-DAF9FA4EEFA7}.Release|Any CPU.ActiveCfg = Release|Any CPU
		{2A19365D-0A5B-4483-935C-DAF9FA4EEFA7}.Release|Any CPU.Build.0 = Release|Any CPU
	EndGlobalSection
	GlobalSection(SolutionProperties) = preSolution
		HideSolutionNode = FALSE
	EndGlobalSection
	GlobalSection(ExtensibilityGlobals) = postSolution
		SolutionGuid = {FF85FFBE-7C4A-470B-AC49-8CA63E3DA537}
	EndGlobalSection
EndGlobal
